
Microsoft Visual Studio Solution File, Format Version 12.00
# Visual Studio Version 17
VisualStudioVersion = 17.5.002.0
MinimumVisualStudioVersion = 10.0.40219.1
Project("{9A19103F-16F7-4668-BE54-9A1E7A4F7556}") = "LHPet", "LHPet\LHPet.csproj", "{C1F4E606-33F0-4B24-8DF8-98358A31D0B4}"
EndProject
Global
	GlobalSection(SolutionConfigurationPlatforms) = preSolution
		Debug|Any CPU = Debug|Any CPU
		Release|Any CPU = Release|Any CPU
	EndGlobalSection
	GlobalSection(ProjectConfigurationPlatforms) = postSolution
		{C1F4E606-33F0-4B24-8DF8-98358A31D0B4}.Debug|Any CPU.ActiveCfg = Debug|Any CPU
		{C1F4E606-33F0-4B24-8DF8-98358A31D0B4}.Debug|Any CPU.Build.0 = Debug|Any CPU
		{C1F4E606-33F0-4B24-8DF8-98358A31D0B4}.Release|Any CPU.ActiveCfg = Release|Any CPU
		{C1F4E606-33F0-4B24-8DF8-98358A31D0B4}.Release|Any CPU.Build.0 = Release|Any CPU
	EndGlobalSection
	GlobalSection(SolutionProperties) = preSolution
		HideSolutionNode = FALSE
	EndGlobalSection
	GlobalSection(ExtensibilityGlobals) = postSolution
		SolutionGuid = {7FB34B65-BCAA-4C59-8C08-44942B6B82BD}
	EndGlobalSection
EndGlobal
